
Microsoft Visual Studio Solution File, Format Version 12.00
# Visual Studio Version 16
VisualStudioVersion = 16.0.28803.352
MinimumVisualStudioVersion = 10.0.40219.1
Project("{FAE04EC0-301F-11D3-BF4B-00C04F79EFBC}") = "NetCoreTestApp", "NetCoreTestApp\NetCoreTestApp.csproj", "{DD81D91D-7EBB-4116-AED5-0941605BE63E}"
EndProject
Global
	GlobalSection(SolutionConfigurationPlatforms) = preSolution
		Debug|Any CPU = Debug|Any CPU
		Release|Any CPU = Release|Any CPU
	EndGlobalSection
	GlobalSection(ProjectConfigurationPlatforms) = postSolution
		{DD81D91D-7EBB-4116-AED5-0941605BE63E}.Debug|Any CPU.ActiveCfg = Debug|Any CPU
		{DD81D91D-7EBB-4116-AED5-0941605BE63E}.Debug|Any CPU.Build.0 = Debug|Any CPU
		{DD81D91D-7EBB-4116-AED5-0941605BE63E}.Release|Any CPU.ActiveCfg = Release|Any CPU
		{DD81D91D-7EBB-4116-AED5-0941605BE63E}.Release|Any CPU.Build.0 = Release|Any CPU
	EndGlobalSection
	GlobalSection(SolutionProperties) = preSolution
		HideSolutionNode = FALSE
	EndGlobalSection
	GlobalSection(ExtensibilityGlobals) = postSolution
		SolutionGuid = {EF03D72F-09D8-4843-BB22-3458CF3CAD04}
	EndGlobalSection
EndGlobal
